
Microsoft Visual Studio Solution File, Format Version 12.00
# Visual Studio Version 18
VisualStudioVersion = 18.4.11519.219
MinimumVisualStudioVersion = 10.0.40219.1
Project("{FAE04EC0-301F-11D3-BF4B-00C04F79EFBC}") = "BookHub.Api", "BookHub.Api\BookHub.Api.csproj", "{77B39FED-477F-4736-8B70-AA08F3BB1EDD}"
EndProject
Global
	GlobalSection(SolutionConfigurationPlatforms) = preSolution
		Debug|Any CPU = Debug|Any CPU
		Debug|x64 = Debug|x64
		Debug|x86 = Debug|x86
		Release|Any CPU = Release|Any CPU
		Release|x64 = Release|x64
		Release|x86 = Release|x86
	EndGlobalSection
	GlobalSection(ProjectConfigurationPlatforms) = postSolution
		{77B39FED-477F-4736-8B70-AA08F3BB1EDD}.Debug|Any CPU.ActiveCfg = Debug|Any CPU
		{77B39FED-477F-4736-8B70-AA08F3BB1EDD}.Debug|Any CPU.Build.0 = Debug|Any CPU
		{77B39FED-477F-4736-8B70-AA08F3BB1EDD}.Debug|x64.ActiveCfg = Debug|Any CPU
		{77B39FED-477F-4736-8B70-AA08F3BB1EDD}.Debug|x64.Build.0 = Debug|Any CPU
		{77B39FED-477F-4736-8B70-AA08F3BB1EDD}.Debug|x86.ActiveCfg = Debug|Any CPU
		{77B39FED-477F-4736-8B70-AA08F3BB1EDD}.Debug|x86.Build.0 = Debug|Any CPU
		{77B39FED-477F-4736-8B70-AA08F3BB1EDD}.Release|Any CPU.ActiveCfg = Release|Any CPU
		{77B39FED-477F-4736-8B70-AA08F3BB1EDD}.Release|Any CPU.Build.0 = Release|Any CPU
		{77B39FED-477F-4736-8B70-AA08F3BB1EDD}.Release|x64.ActiveCfg = Release|Any CPU
		{77B39FED-477F-4736-8B70-AA08F3BB1EDD}.Release|x64.Build.0 = Release|Any CPU
		{77B39FED-477F-4736-8B70-AA08F3BB1EDD}.Release|x86.ActiveCfg = Release|Any CPU
		{77B39FED-477F-4736-8B70-AA08F3BB1EDD}.Release|x86.Build.0 = Release|Any CPU
	EndGlobalSection
	GlobalSection(SolutionProperties) = preSolution
		HideSolutionNode = FALSE
	EndGlobalSection
	GlobalSection(ExtensibilityGlobals) = postSolution
		SolutionGuid = {B04AF125-C869-450C-815A-C94972C4F4F7}
	EndGlobalSection
EndGlobal
